// !$*UTF8*$!
{
	archiveVersion = 1;
	classes = {
	};
	objectVersion = 77;
	objects = {

/* Begin PBXBuildFile section */
		84FDE9F52E2674140043C535 /* WebKit.framework in Frameworks */ = {isa = PBXBuildFile; fileRef = 84FDE9F42E2674140043C535 /* WebKit.framework */; };
		84FDE9F92E26772E0043C535 /* EventKit.framework in Frameworks */ = {isa = PBXBuildFile; fileRef = 84FDE9F82E26772E0043C535 /* EventKit.framework */; };
		84FDE9FB2E2677330043C535 /* MapKit.framework in Frameworks */ = {isa = PBXBuildFile; fileRef = 84FDE9FA2E2677330043C535 /* MapKit.framework */; };
/* End PBXBuildFile section */

/* Begin PBXContainerItemProxy section */
		8449E2EF2E24974A00F03C18 /* PBXContainerItemProxy */ = {
			isa = PBXContainerItemProxy;
			containerPortal = 8449E2D92E24974900F03C18 /* Project object */;
			proxyType = 1;
			remoteGlobalIDString = 8449E2E02E24974900F03C18;
			remoteInfo = PAAI;
		};
		8449E2F92E24974A00F03C18 /* PBXContainerItemProxy */ = {
			isa = PBXContainerItemProxy;
			containerPortal = 8449E2D92E24974900F03C18 /* Project object */;
			proxyType = 1;
			remoteGlobalIDString = 8449E2E02E24974900F03C18;
			remoteInfo = PAAI;
		};
/* End PBXContainerItemProxy section */

/* Begin PBXFileReference section */
		8449E2E12E24974900F03C18 /* PAAI.app */ = {isa = PBXFileReference; explicitFileType = wrapper.application; includeInIndex = 0; path = PAAI.app; sourceTree = BUILT_PRODUCTS_DIR; };
		8449E2EE2E24974A00F03C18 /* PAAITests.xctest */ = {isa = PBXFileReference; explicitFileType = wrapper.cfbundle; includeInIndex = 0; path = PAAITests.xctest; sourceTree = BUILT_PRODUCTS_DIR; };
		8449E2F82E24974A00F03C18 /* PAAIUITests.xctest */ = {isa = PBXFileReference; explicitFileType = wrapper.cfbundle; includeInIndex = 0; path = PAAIUITests.xctest; sourceTree = BUILT_PRODUCTS_DIR; };
		84FDE9F42E2674140043C535 /* WebKit.framework */ = {isa = PBXFileReference; lastKnownFileType = wrapper.framework; name = WebKit.framework; path = System/Library/Frameworks/WebKit.framework; sourceTree = SDKROOT; };
		84FDE9F82E26772E0043C535 /* EventKit.framework */ = {isa = PBXFileReference; lastKnownFileType = wrapper.framework; name = EventKit.framework; path = System/Library/Frameworks/EventKit.framework; sourceTree = SDKROOT; };
		84FDE9FA2E2677330043C535 /* MapKit.framework */ = {isa = PBXFileReference; lastKnownFileType = wrapper.framework; name = MapKit.framework; path = System/Library/Frameworks/MapKit.framework; sourceTree = SDKROOT; };
/* End PBXFileReference section */

/* Begin PBXFileSystemSynchronizedBuildFileExceptionSet section */
		84FDEA072E2716BC0043C535 /* Exceptions for "PAAI" folder in "PAAI" target */ = {
			isa = PBXFileSystemSynchronizedBuildFileExceptionSet;
			membershipExceptions = (
				Info.plist,
			);
			target = 8449E2E02E24974900F03C18 /* PAAI */;
		};
/* End PBXFileSystemSynchronizedBuildFileExceptionSet section */

/* Begin PBXFileSystemSynchronizedRootGroup section */
		8449E2E32E24974900F03C18 /* PAAI */ = {
			isa = PBXFileSystemSynchronizedRootGroup;
			exceptions = (
				84FDEA072E2716BC0043C535 /* Exceptions for "PAAI" folder in "PAAI" target */,
			);
			path = PAAI;
			sourceTree = "<group>";
		};
		8449E2F12E24974A00F03C18 /* PAAITests */ = {
			isa = PBXFileSystemSynchronizedRootGroup;
			path = PAAITests;
			sourceTree = "<group>";
		};
		8449E2FB2E24974A00F03C18 /* PAAIUITests */ = {
			isa = PBXFileSystemSynchronizedRootGroup;
			path = PAAIUITests;
			sourceTree = "<group>";
		};
/* End PBXFileSystemSynchronizedRootGroup section */

/* Begin PBXFrameworksBuildPhase section */
		8449E2DE2E24974900F03C18 /* Frameworks */ = {
			isa = PBXFrameworksBuildPhase;
			buildActionMask = 2147483647;
			files = (
				84FDE9F92E26772E0043C535 /* EventKit.framework in Frameworks */,
				84FDE9FB2E2677330043C535 /* MapKit.framework in Frameworks */,
				84FDE9F52E2674140043C535 /* WebKit.framework in Frameworks */,
			);
			runOnlyForDeploymentPostprocessing = 0;
		};
		8449E2EB2E24974A00F03C18 /* Frameworks */ = {
			isa = PBXFrameworksBuildPhase;
			buildActionMask = 2147483647;
			files = (
			);
			runOnlyForDeploymentPostprocessing = 0;
		};
		8449E2F52E24974A00F03C18 /* Frameworks */ = {
			isa = PBXFrameworksBuildPhase;
			buildActionMask = 2147483647;
			files = (
			);
			runOnlyForDeploymentPostprocessing = 0;
		};
/* End PBXFrameworksBuildPhase section */

/* Begin PBXGroup section */
		8449E2D82E24974900F03C18 = {
			isa = PBXGroup;
			children = (
				8449E2E32E24974900F03C18 /* PAAI */,
				8449E2F12E24974A00F03C18 /* PAAITests */,
				8449E2FB2E24974A00F03C18 /* PAAIUITests */,
				84FDE9F32E2674140043C535 /* Frameworks */,
				8449E2E22E24974900F03C18 /* Products */,
			);
			sourceTree = "<group>";
		};
		8449E2E22E24974900F03C18 /* Products */ = {
			isa = PBXGroup;
			children = (
				8449E2E12E24974900F03C18 /* PAAI.app */,
				8449E2EE2E24974A00F03C18 /* PAAITests.xctest */,
				8449E2F82E24974A00F03C18 /* PAAIUITests.xctest */,
			);
			name = Products;
			sourceTree = "<group>";
		};
		84FDE9F32E2674140043C535 /* Frameworks */ = {
			isa = PBXGroup;
			children = (
				84FDE9FA2E2677330043C535 /* MapKit.framework */,
				84FDE9F82E26772E0043C535 /* EventKit.framework */,
				84FDE9F42E2674140043C535 /* WebKit.framework */,
			);
			name = Frameworks;
			sourceTree = "<group>";
		};
/* End PBXGroup section */

/* Begin PBXNativeTarget section */
		8449E2E02E24974900F03C18 /* PAAI */ = {
			isa = PBXNativeTarget;
			buildConfigurationList = 8449E3022E24974A00F03C18 /* Build configuration list for PBXNativeTarget "PAAI" */;
			buildPhases = (
				8449E2DD2E24974900F03C18 /* Sources */,
				8449E2DE2E24974900F03C18 /* Frameworks */,
				8449E2DF2E24974900F03C18 /* Resources */,
			);
			buildRules = (
			);
			dependencies = (
			);
			fileSystemSynchronizedGroups = (
				8449E2E32E24974900F03C18 /* PAAI */,
			);
			name = PAAI;
			packageProductDependencies = (
			);
			productName = PAAI;
			productReference = 8449E2E12E24974900F03C18 /* PAAI.app */;
			productType = "com.apple.product-type.application";
		};
		8449E2ED2E24974A00F03C18 /* PAAITests */ = {
			isa = PBXNativeTarget;
			buildConfigurationList = 8449E3052E24974A00F03C18 /* Build configuration list for PBXNativeTarget "PAAITests" */;
			buildPhases = (
				8449E2EA2E24974A00F03C18 /* Sources */,
				8449E2EB2E24974A00F03C18 /* Frameworks */,
				8449E2EC2E24974A00F03C18 /* Resources */,
			);
			buildRules = (
			);
			dependencies = (
				8449E2F02E24974A00F03C18 /* PBXTargetDependency */,
			);
			fileSystemSynchronizedGroups = (
				8449E2F12E24974A00F03C18 /* PAAITests */,
			);
			name = PAAITests;
			packageProductDependencies = (
			);
			productName = PAAITests;
			productReference = 8449E2EE2E24974A00F03C18 /* PAAITests.xctest */;
			productType = "com.apple.product-type.bundle.unit-test";
		};
		8449E2F72E24974A00F03C18 /* PAAIUITests */ = {
			isa = PBXNativeTarget;
			buildConfigurationList = 8449E3082E24974A00F03C18 /* Build configuration list for PBXNativeTarget "PAAIUITests" */;
			buildPhases = (
				8449E2F42E24974A00F03C18 /* Sources */,
				8449E2F52E24974A00F03C18 /* Frameworks */,
				8449E2F62E24974A00F03C18 /* Resources */,
			);
			buildRules = (
			);
			dependencies = (
				8449E2FA2E24974A00F03C18 /* PBXTargetDependency */,
			);
			fileSystemSynchronizedGroups = (
				8449E2FB2E24974A00F03C18 /* PAAIUITests */,
			);
			name = PAAIUITests;
			packageProductDependencies = (
			);
			productName = PAAIUITests;
			productReference = 8449E2F82E24974A00F03C18 /* PAAIUITests.xctest */;
			productType = "com.apple.product-type.bundle.ui-testing";
		};
/* End PBXNativeTarget section */

/* Begin PBXProject section */
		8449E2D92E24974900F03C18 /* Project object */ = {
			isa = PBXProject;
			attributes = {
				BuildIndependentTargetsInParallel = 1;
				LastSwiftUpdateCheck = 1640;
				LastUpgradeCheck = 1640;
				TargetAttributes = {
					8449E2E02E24974900F03C18 = {
						CreatedOnToolsVersion = 16.4;
					};
					8449E2ED2E24974A00F03C18 = {
						CreatedOnToolsVersion = 16.4;
						TestTargetID = 8449E2E02E24974900F03C18;
					};
					8449E2F72E24974A00F03C18 = {
						CreatedOnToolsVersion = 16.4;
						TestTargetID = 8449E2E02E24974900F03C18;
					};
				};
			};
			buildConfigurationList = 8449E2DC2E24974900F03C18 /* Build configuration list for PBXProject "PAAI" */;
			developmentRegion = en;
			hasScannedForEncodings = 0;
			knownRegions = (
				en,
				Base,
			);
			mainGroup = 8449E2D82E24974900F03C18;
			minimizedProjectReferenceProxies = 1;
			preferredProjectObjectVersion = 77;
			productRefGroup = 8449E2E22E24974900F03C18 /* Products */;
			projectDirPath = "";
			projectRoot = "";
			targets = (
				8449E2E02E24974900F03C18 /* PAAI */,
				8449E2ED2E24974A00F03C18 /* PAAITests */,
				8449E2F72E24974A00F03C18 /* PAAIUITests */,
			);
		};
/* End PBXProject section */

/* Begin PBXResourcesBuildPhase section */
		8449E2DF2E24974900F03C18 /* Resources */ = {
			isa = PBXResourcesBuildPhase;
			buildActionMask = 2147483647;
			files = (
			);
			runOnlyForDeploymentPostprocessing = 0;
		};
		8449E2EC2E24974A00F03C18 /* Resources */ = {
			isa = PBXResourcesBuildPhase;
			buildActionMask = 2147483647;
			files = (
			);
			runOnlyForDeploymentPostprocessing = 0;
		};
		8449E2F62E24974A00F03C18 /* Resources */ = {
			isa = PBXResourcesBuildPhase;
			buildActionMask = 2147483647;
			files = (
			);
			runOnlyForDeploymentPostprocessing = 0;
		};
/* End PBXResourcesBuildPhase section */

/* Begin PBXSourcesBuildPhase section */
		8449E2DD2E24974900F03C18 /* Sources */ = {
			isa = PBXSourcesBuildPhase;
			buildActionMask = 2147483647;
			files = (
			);
			runOnlyForDeploymentPostprocessing = 0;
		};
		8449E2EA2E24974A00F03C18 /* Sources */ = {
			isa = PBXSourcesBuildPhase;
			buildActionMask = 2147483647;
			files = (
			);
			runOnlyForDeploymentPostprocessing = 0;
		};
		8449E2F42E24974A00F03C18 /* Sources */ = {
			isa = PBXSourcesBuildPhase;
			buildActionMask = 2147483647;
			files = (
			);
			runOnlyForDeploymentPostprocessing = 0;
		};
/* End PBXSourcesBuildPhase section */

/* Begin PBXTargetDependency section */
		8449E2F02E24974A00F03C18 /* PBXTargetDependency */ = {
			isa = PBXTargetDependency;
			target = 8449E2E02E24974900F03C18 /* PAAI */;
			targetProxy = 8449E2EF2E24974A00F03C18 /* PBXContainerItemProxy */;
		};
		8449E2FA2E24974A00F03C18 /* PBXTargetDependency */ = {
			isa = PBXTargetDependency;
			target = 8449E2E02E24974900F03C18 /* PAAI */;
			targetProxy = 8449E2F92E24974A00F03C18 /* PBXContainerItemProxy */;
		};
/* End PBXTargetDependency section */

/* Begin XCBuildConfiguration section */
		8449E3002E24974A00F03C18 /* Debug */ = {
			isa = XCBuildConfiguration;
			buildSettings = {
				ALWAYS_SEARCH_USER_PATHS = NO;
				ASSETCATALOG_COMPILER_GENERATE_SWIFT_ASSET_SYMBOL_EXTENSIONS = YES;
				CLANG_ANALYZER_NONNULL = YES;
				CLANG_ANALYZER_NUMBER_OBJECT_CONVERSION = YES_AGGRESSIVE;
				CLANG_CXX_LANGUAGE_STANDARD = "gnu++20";
				CLANG_ENABLE_MODULES = YES;
				CLANG_ENABLE_OBJC_ARC = YES;
				CLANG_ENABLE_OBJC_WEAK = YES;
				CLANG_WARN_BLOCK_CAPTURE_AUTORELEASING = YES;
				CLANG_WARN_BOOL_CONVERSION = YES;
				CLANG_WARN_COMMA = YES;
				CLANG_WARN_CONSTANT_CONVERSION = YES;
				CLANG_WARN_DEPRECATED_OBJC_IMPLEMENTATIONS = YES;
				CLANG_WARN_DIRECT_OBJC_ISA_USAGE = YES_ERROR;
				CLANG_WARN_DOCUMENTATION_COMMENTS = YES;
				CLANG_WARN_EMPTY_BODY = YES;
				CLANG_WARN_ENUM_CONVERSION = YES;
				CLANG_WARN_INFINITE_RECURSION = YES;
				CLANG_WARN_INT_CONVERSION = YES;
				CLANG_WARN_NON_LITERAL_NULL_CONVERSION = YES;
				CLANG_WARN_OBJC_IMPLICIT_RETAIN_SELF = YES;
				CLANG_WARN_OBJC_LITERAL_CONVERSION = YES;
				CLANG_WARN_OBJC_ROOT_CLASS = YES_ERROR;
				CLANG_WARN_QUOTED_INCLUDE_IN_FRAMEWORK_HEADER = YES;
				CLANG_WARN_RANGE_LOOP_ANALYSIS = YES;
				CLANG_WARN_STRICT_PROTOTYPES = YES;
				CLANG_WARN_SUSPICIOUS_MOVE = YES;
				CLANG_WARN_UNGUARDED_AVAILABILITY = YES_AGGRESSIVE;
				CLANG_WARN_UNREACHABLE_CODE = YES;
				CLANG_WARN__DUPLICATE_METHOD_MATCH = YES;
				COPY_PHASE_STRIP = NO;
				DEBUG_INFORMATION_FORMAT = dwarf;
				ENABLE_STRICT_OBJC_MSGSEND = YES;
				ENABLE_TESTABILITY = YES;
				ENABLE_USER_SCRIPT_SANDBOXING = YES;
				GCC_C_LANGUAGE_STANDARD = gnu17;
				GCC_DYNAMIC_NO_PIC = NO;
				GCC_NO_COMMON_BLOCKS = YES;
				GCC_OPTIMIZATION_LEVEL = 0;
				GCC_PREPROCESSOR_DEFINITIONS = (
					"DEBUG=1",
					"$(inherited)",
				);
				GCC_WARN_64_TO_32_BIT_CONVERSION = YES;
				GCC_WARN_ABOUT_RETURN_TYPE = YES_ERROR;
				GCC_WARN_UNDECLARED_SELECTOR = YES;
				GCC_WARN_UNINITIALIZED_AUTOS = YES_AGGRESSIVE;
				GCC_WARN_UNUSED_FUNCTION = YES;
				GCC_WARN_UNUSED_VARIABLE = YES;
				IPHONEOS_DEPLOYMENT_TARGET = 18.5;
				LOCALIZATION_PREFERS_STRING_CATALOGS = YES;
				MTL_ENABLE_DEBUG_INFO = INCLUDE_SOURCE;
				MTL_FAST_MATH = YES;
				ONLY_ACTIVE_ARCH = YES;
				SDKROOT = iphoneos;
				SWIFT_ACTIVE_COMPILATION_CONDITIONS = "DEBUG $(inherited)";
				SWIFT_OPTIMIZATION_LEVEL = "-Onone";
			};
			name = Debug;
		};
		8449E3012E24974A00F03C18 /* Release */ = {
			isa = XCBuildConfiguration;
			buildSettings = {
				ALWAYS_SEARCH_USER_PATHS = NO;
				ASSETCATALOG_COMPILER_GENERATE_SWIFT_ASSET_SYMBOL_EXTENSIONS = YES;
				CLANG_ANALYZER_NONNULL = YES;
				CLANG_ANALYZER_NUMBER_OBJECT_CONVERSION = YES_AGGRESSIVE;
				CLANG_CXX_LANGUAGE_STANDARD = "gnu++20";
				CLANG_ENABLE_MODULES = YES;
				CLANG_ENABLE_OBJC_ARC = YES;
				CLANG_ENABLE_OBJC_WEAK = YES;
				CLANG_WARN_BLOCK_CAPTURE_AUTORELEASING = YES;
				CLANG_WARN_BOOL_CONVERSION = YES;
				CLANG_WARN_COMMA = YES;
				CLANG_WARN_CONSTANT_CONVERSION = YES;
				CLANG_WARN_DEPRECATED_OBJC_IMPLEMENTATIONS = YES;
				CLANG_WARN_DIRECT_OBJC_ISA_USAGE = YES_ERROR;
				CLANG_WARN_DOCUMENTATION_COMMENTS = YES;
				CLANG_WARN_EMPTY_BODY = YES;
				CLANG_WARN_ENUM_CONVERSION = YES;
				CLANG_WARN_INFINITE_RECURSION = YES;
				CLANG_WARN_INT_CONVERSION = YES;
				CLANG_WARN_NON_LITERAL_NULL_CONVERSION = YES;
				CLANG_WARN_OBJC_IMPLICIT_RETAIN_SELF = YES;
				CLANG_WARN_OBJC_LITERAL_CONVERSION = YES;
				CLANG_WARN_OBJC_ROOT_CLASS = YES_ERROR;
				CLANG_WARN_QUOTED_INCLUDE_IN_FRAMEWORK_HEADER = YES;
				CLANG_WARN_RANGE_LOOP_ANALYSIS = YES;
				CLANG_WARN_STRICT_PROTOTYPES = YES;
				CLANG_WARN_SUSPICIOUS_MOVE = YES;
				CLANG_WARN_UNGUARDED_AVAILABILITY = YES_AGGRESSIVE;
				CLANG_WARN_UNREACHABLE_CODE = YES;
				CLANG_WARN__DUPLICATE_METHOD_MATCH = YES;
				COPY_PHASE_STRIP = NO;
				DEBUG_INFORMATION_FORMAT = "dwarf-with-dsym";
				ENABLE_NS_ASSERTIONS = NO;
				ENABLE_STRICT_OBJC_MSGSEND = YES;
				ENABLE_USER_SCRIPT_SANDBOXING = YES;
				GCC_C_LANGUAGE_STANDARD = gnu17;
				GCC_NO_COMMON_BLOCKS = YES;
				GCC_WARN_64_TO_32_BIT_CONVERSION = YES;
				GCC_WARN_ABOUT_RETURN_TYPE = YES_ERROR;
				GCC_WARN_UNDECLARED_SELECTOR = YES;
				GCC_WARN_UNINITIALIZED_AUTOS = YES_AGGRESSIVE;
				GCC_WARN_UNUSED_FUNCTION = YES;
				GCC_WARN_UNUSED_VARIABLE = YES;
				IPHONEOS_DEPLOYMENT_TARGET = 18.5;
				LOCALIZATION_PREFERS_STRING_CATALOGS = YES;
				MTL_ENABLE_DEBUG_INFO = NO;
				MTL_FAST_MATH = YES;
				SDKROOT = iphoneos;
				SWIFT_COMPILATION_MODE = wholemodule;
				VALIDATE_PRODUCT = YES;
			};
			name = Release;
		};
		8449E3032E24974A00F03C18 /* Debug */ = {
			isa = XCBuildConfiguration;
			buildSettings = {
				ASSETCATALOG_COMPILER_APPICON_NAME = AppIcon;
				ASSETCATALOG_COMPILER_GLOBAL_ACCENT_COLOR_NAME = AccentColor;
				CODE_SIGN_STYLE = Automatic;
				CURRENT_PROJECT_VERSION = 1;
				DEVELOPMENT_TEAM = 5F2STVK9PF;
				ENABLE_PREVIEWS = YES;
				GENERATE_INFOPLIST_FILE = YES;
				INFOPLIST_FILE = PAAI/Info.plist;
				INFOPLIST_KEY_UIApplicationSceneManifest_Generation = YES;
				INFOPLIST_KEY_UIApplicationSupportsIndirectInputEvents = YES;
				INFOPLIST_KEY_UILaunchScreen_Generation = YES;
				INFOPLIST_KEY_UISupportedInterfaceOrientations_iPad = "UIInterfaceOrientationPortrait UIInterfaceOrientationPortraitUpsideDown UIInterfaceOrientationLandscapeLeft UIInterfaceOrientationLandscapeRight";
				INFOPLIST_KEY_UISupportedInterfaceOrientations_iPhone = "UIInterfaceOrientationPortrait UIInterfaceOrientationLandscapeLeft UIInterfaceOrientationLandscapeRight";
				LD_RUNPATH_SEARCH_PATHS = (
					"$(inherited)",
					"@executable_path/Frameworks",
				);
				MARKETING_VERSION = 1.0;
				PRODUCT_BUNDLE_IDENTIFIER = com.telestai.PAAI;
				PRODUCT_NAME = "$(TARGET_NAME)";
				SWIFT_EMIT_LOC_STRINGS = YES;
				SWIFT_VERSION = 5.0;
				TARGETED_DEVICE_FAMILY = "1,2";
			};
			name = Debug;
		};
		8449E3042E24974A00F03C18 /* Release */ = {
			isa = XCBuildConfiguration;
			buildSettings = {
				ASSETCATALOG_COMPILER_APPICON_NAME = AppIcon;
				ASSETCATALOG_COMPILER_GLOBAL_ACCENT_COLOR_NAME = AccentColor;
				CODE_SIGN_STYLE = Automatic;
				CURRENT_PROJECT_VERSION = 1;
				DEVELOPMENT_TEAM = 5F2STVK9PF;
				ENABLE_PREVIEWS = YES;
				GENERATE_INFOPLIST_FILE = YES;
				INFOPLIST_FILE = PAAI/Info.plist;
				INFOPLIST_KEY_UIApplicationSceneManifest_Generation = YES;
				INFOPLIST_KEY_UIApplicationSupportsIndirectInputEvents = YES;
				INFOPLIST_KEY_UILaunchScreen_Generation = YES;
				INFOPLIST_KEY_UISupportedInterfaceOrientations_iPad = "UIInterfaceOrientationPortrait UIInterfaceOrientationPortraitUpsideDown UIInterfaceOrientationLandscapeLeft UIInterfaceOrientationLandscapeRight";
				INFOPLIST_KEY_UISupportedInterfaceOrientations_iPhone = "UIInterfaceOrientationPortrait UIInterfaceOrientationLandscapeLeft UIInterfaceOrientationLandscapeRight";
				LD_RUNPATH_SEARCH_PATHS = (
					"$(inherited)",
					"@executable_path/Frameworks",
				);
				MARKETING_VERSION = 1.0;
				PRODUCT_BUNDLE_IDENTIFIER = com.telestai.PAAI;
				PRODUCT_NAME = "$(TARGET_NAME)";
				SWIFT_EMIT_LOC_STRINGS = YES;
				SWIFT_VERSION = 5.0;
				TARGETED_DEVICE_FAMILY = "1,2";
			};
			name = Release;
		};
		8449E3062E24974A00F03C18 /* Debug */ = {
			isa = XCBuildConfiguration;
			buildSettings = {
				BUNDLE_LOADER = "$(TEST_HOST)";
				CODE_SIGN_STYLE = Automatic;
				CURRENT_PROJECT_VERSION = 1;
				GENERATE_INFOPLIST_FILE = YES;
				IPHONEOS_DEPLOYMENT_TARGET = 18.5;
				MARKETING_VERSION = 1.0;
				PRODUCT_BUNDLE_IDENTIFIER = com.telestai.PAAITests;
				PRODUCT_NAME = "$(TARGET_NAME)";
				SWIFT_EMIT_LOC_STRINGS = NO;
				SWIFT_VERSION = 5.0;
				TARGETED_DEVICE_FAMILY = "1,2";
				TEST_HOST = "$(BUILT_PRODUCTS_DIR)/PAAI.app/$(BUNDLE_EXECUTABLE_FOLDER_PATH)/PAAI";
			};
			name = Debug;
		};
		8449E3072E24974A00F03C18 /* Release */ = {
			isa = XCBuildConfiguration;
			buildSettings = {
				BUNDLE_LOADER = "$(TEST_HOST)";
				CODE_SIGN_STYLE = Automatic;
				CURRENT_PROJECT_VERSION = 1;
				GENERATE_INFOPLIST_FILE = YES;
				IPHONEOS_DEPLOYMENT_TARGET = 18.5;
				MARKETING_VERSION = 1.0;
				PRODUCT_BUNDLE_IDENTIFIER = com.telestai.PAAITests;
				PRODUCT_NAME = "$(TARGET_NAME)";
				SWIFT_EMIT_LOC_STRINGS = NO;
				SWIFT_VERSION = 5.0;
				TARGETED_DEVICE_FAMILY = "1,2";
				TEST_HOST = "$(BUILT_PRODUCTS_DIR)/PAAI.app/$(BUNDLE_EXECUTABLE_FOLDER_PATH)/PAAI";
			};
			name = Release;
		};
		8449E3092E24974A00F03C18 /* Debug */ = {
			isa = XCBuildConfiguration;
			buildSettings = {
				CODE_SIGN_STYLE = Automatic;
				CURRENT_PROJECT_VERSION = 1;
				GENERATE_INFOPLIST_FILE = YES;
				MARKETING_VERSION = 1.0;
				PRODUCT_BUNDLE_IDENTIFIER = com.telestai.PAAIUITests;
				PRODUCT_NAME = "$(TARGET_NAME)";
				SWIFT_EMIT_LOC_STRINGS = NO;
				SWIFT_VERSION = 5.0;
				TARGETED_DEVICE_FAMILY = "1,2";
				TEST_TARGET_NAME = PAAI;
			};
			name = Debug;
		};
		8449E30A2E24974A00F03C18 /* Release */ = {
			isa = XCBuildConfiguration;
			buildSettings = {
				CODE_SIGN_STYLE = Automatic;
				CURRENT_PROJECT_VERSION = 1;
				GENERATE_INFOPLIST_FILE = YES;
				MARKETING_VERSION = 1.0;
				PRODUCT_BUNDLE_IDENTIFIER = com.telestai.PAAIUITests;
				PRODUCT_NAME = "$(TARGET_NAME)";
				SWIFT_EMIT_LOC_STRINGS = NO;
				SWIFT_VERSION = 5.0;
				TARGETED_DEVICE_FAMILY = "1,2";
				TEST_TARGET_NAME = PAAI;
			};
			name = Release;
		};
/* End XCBuildConfiguration section */

/* Begin XCConfigurationList section */
		8449E2DC2E24974900F03C18 /* Build configuration list for PBXProject "PAAI" */ = {
			isa = XCConfigurationList;
			buildConfigurations = (
				8449E3002E24974A00F03C18 /* Debug */,
				8449E3012E24974A00F03C18 /* Release */,
			);
			defaultConfigurationIsVisible = 0;
			defaultConfigurationName = Release;
		};
		8449E3022E24974A00F03C18 /* Build configuration list for PBXNativeTarget "PAAI" */ = {
			isa = XCConfigurationList;
			buildConfigurations = (
				8449E3032E24974A00F03C18 /* Debug */,
				8449E3042E24974A00F03C18 /* Release */,
			);
			defaultConfigurationIsVisible = 0;
			defaultConfigurationName = Release;
		};
		8449E3052E24974A00F03C18 /* Build configuration list for PBXNativeTarget "PAAITests" */ = {
			isa = XCConfigurationList;
			buildConfigurations = (
				8449E3062E24974A00F03C18 /* Debug */,
				8449E3072E24974A00F03C18 /* Release */,
			);
			defaultConfigurationIsVisible = 0;
			defaultConfigurationName = Release;
		};
		8449E3082E24974A00F03C18 /* Build configuration list for PBXNativeTarget "PAAIUITests" */ = {
			isa = XCConfigurationList;
			buildConfigurations = (
				8449E3092E24974A00F03C18 /* Debug */,
				8449E30A2E24974A00F03C18 /* Release */,
			);
			defaultConfigurationIsVisible = 0;
			defaultConfigurationName = Release;
		};
/* End XCConfigurationList section */
	};
	rootObject = 8449E2D92E24974900F03C18 /* Project object */;
}
